
Microsoft Visual Studio Solution File, Format Version 12.00
# Visual Studio 2012
Project("{FAE04EC0-301F-11D3-BF4B-00C04F79EFBC}") = "AulaXamarin", "AulaXamarin\AulaXamarin.csproj", "{A07F8C12-D650-46CF-8C37-37B4E690F691}"
EndProject
Project("{FAE04EC0-301F-11D3-BF4B-00C04F79EFBC}") = "AulaXamarin.iOS", "iOS\AulaXamarin.iOS.csproj", "{71E1AA80-EA27-409A-A7A9-E32DE90C0407}"
EndProject
Project("{FAE04EC0-301F-11D3-BF4B-00C04F79EFBC}") = "AulaXamarin.Droid", "Droid\AulaXamarin.Droid.csproj", "{2B7DAED8-346D-4209-9C7D-64522780DBF9}"
EndProject
Global
	GlobalSection(SolutionConfigurationPlatforms) = preSolution
		Debug|Any CPU = Debug|Any CPU
		Release|Any CPU = Release|Any CPU
		Debug|iPhoneSimulator = Debug|iPhoneSimulator
		Release|iPhone = Release|iPhone
		Release|iPhoneSimulator = Release|iPhoneSimulator
		Debug|iPhone = Debug|iPhone
	EndGlobalSection
	GlobalSection(ProjectConfigurationPlatforms) = postSolution
		{A07F8C12-D650-46CF-8C37-37B4E690F691}.Debug|Any CPU.ActiveCfg = Debug|Any CPU
		{A07F8C12-D650-46CF-8C37-37B4E690F691}.Debug|Any CPU.Build.0 = Debug|Any CPU
		{A07F8C12-D650-46CF-8C37-37B4E690F691}.Release|Any CPU.ActiveCfg = Release|Any CPU
		{A07F8C12-D650-46CF-8C37-37B4E690F691}.Release|Any CPU.Build.0 = Release|Any CPU
		{A07F8C12-D650-46CF-8C37-37B4E690F691}.Debug|iPhoneSimulator.ActiveCfg = Debug|Any CPU
		{A07F8C12-D650-46CF-8C37-37B4E690F691}.Debug|iPhoneSimulator.Build.0 = Debug|Any CPU
		{A07F8C12-D650-46CF-8C37-37B4E690F691}.Release|iPhone.ActiveCfg = Release|Any CPU
		{A07F8C12-D650-46CF-8C37-37B4E690F691}.Release|iPhone.Build.0 = Release|Any CPU
		{A07F8C12-D650-46CF-8C37-37B4E690F691}.Release|iPhoneSimulator.ActiveCfg = Release|Any CPU
		{A07F8C12-D650-46CF-8C37-37B4E690F691}.Release|iPhoneSimulator.Build.0 = Release|Any CPU
		{A07F8C12-D650-46CF-8C37-37B4E690F691}.Debug|iPhone.ActiveCfg = Debug|Any CPU
		{A07F8C12-D650-46CF-8C37-37B4E690F691}.Debug|iPhone.Build.0 = Debug|Any CPU
		{71E1AA80-EA27-409A-A7A9-E32DE90C0407}.Debug|Any CPU.ActiveCfg = Debug|iPhoneSimulator
		{71E1AA80-EA27-409A-A7A9-E32DE90C0407}.Debug|Any CPU.Build.0 = Debug|iPhoneSimulator
		{71E1AA80-EA27-409A-A7A9-E32DE90C0407}.Release|Any CPU.ActiveCfg = Release|iPhone
		{71E1AA80-EA27-409A-A7A9-E32DE90C0407}.Release|Any CPU.Build.0 = Release|iPhone
		{71E1AA80-EA27-409A-A7A9-E32DE90C0407}.Debug|iPhoneSimulator.ActiveCfg = Debug|iPhoneSimulator
		{71E1AA80-EA27-409A-A7A9-E32DE90C0407}.Debug|iPhoneSimulator.Build.0 = Debug|iPhoneSimulator
		{71E1AA80-EA27-409A-A7A9-E32DE90C0407}.Release|iPhone.ActiveCfg = Release|iPhone
		{71E1AA80-EA27-409A-A7A9-E32DE90C0407}.Release|iPhone.Build.0 = Release|iPhone
		{71E1AA80-EA27-409A-A7A9-E32DE90C0407}.Release|iPhoneSimulator.ActiveCfg = Release|iPhoneSimulator
		{71E1AA80-EA27-409A-A7A9-E32DE90C0407}.Release|iPhoneSimulator.Build.0 = Release|iPhoneSimulator
		{71E1AA80-EA27-409A-A7A9-E32DE90C0407}.Debug|iPhone.ActiveCfg = Debug|iPhone
		{71E1AA80-EA27-409A-A7A9-E32DE90C0407}.Debug|iPhone.Build.0 = Debug|iPhone
		{2B7DAED8-346D-4209-9C7D-64522780DBF9}.Debug|Any CPU.ActiveCfg = Debug|Any CPU
		{2B7DAED8-346D-4209-9C7D-64522780DBF9}.Debug|Any CPU.Build.0 = Debug|Any CPU
		{2B7DAED8-346D-4209-9C7D-64522780DBF9}.Release|Any CPU.ActiveCfg = Release|Any CPU
		{2B7DAED8-346D-4209-9C7D-64522780DBF9}.Release|Any CPU.Build.0 = Release|Any CPU
		{2B7DAED8-346D-4209-9C7D-64522780DBF9}.Debug|iPhoneSimulator.ActiveCfg = Debug|Any CPU
		{2B7DAED8-346D-4209-9C7D-64522780DBF9}.Debug|iPhoneSimulator.Build.0 = Debug|Any CPU
		{2B7DAED8-346D-4209-9C7D-64522780DBF9}.Release|iPhone.ActiveCfg = Release|Any CPU
		{2B7DAED8-346D-4209-9C7D-64522780DBF9}.Release|iPhone.Build.0 = Release|Any CPU
		{2B7DAED8-346D-4209-9C7D-64522780DBF9}.Release|iPhoneSimulator.ActiveCfg = Release|Any CPU
		{2B7DAED8-346D-4209-9C7D-64522780DBF9}.Release|iPhoneSimulator.Build.0 = Release|Any CPU
		{2B7DAED8-346D-4209-9C7D-64522780DBF9}.Debug|iPhone.ActiveCfg = Debug|Any CPU
		{2B7DAED8-346D-4209-9C7D-64522780DBF9}.Debug|iPhone.Build.0 = Debug|Any CPU
	EndGlobalSection
EndGlobal
